
Microsoft Visual Studio Solution File, Format Version 12.00
# Visual Studio Version 17
VisualStudioVersion = 17.0.32014.148
MinimumVisualStudioVersion = 10.0.40219.1
Project("{FAE04EC0-301F-11D3-BF4B-00C04F79EFBC}") = "operaciones_con_numeros", "operaciones_con_numeros\operaciones_con_numeros.csproj", "{9246A301-4869-4906-BF7D-D0FFB5B6D4BD}"
EndProject
Global
	GlobalSection(SolutionConfigurationPlatforms) = preSolution
		Debug|Any CPU = Debug|Any CPU
		Release|Any CPU = Release|Any CPU
	EndGlobalSection
	GlobalSection(ProjectConfigurationPlatforms) = postSolution
		{9246A301-4869-4906-BF7D-D0FFB5B6D4BD}.Debug|Any CPU.ActiveCfg = Debug|Any CPU
		{9246A301-4869-4906-BF7D-D0FFB5B6D4BD}.Debug|Any CPU.Build.0 = Debug|Any CPU
		{9246A301-4869-4906-BF7D-D0FFB5B6D4BD}.Release|Any CPU.ActiveCfg = Release|Any CPU
		{9246A301-4869-4906-BF7D-D0FFB5B6D4BD}.Release|Any CPU.Build.0 = Release|Any CPU
	EndGlobalSection
	GlobalSection(SolutionProperties) = preSolution
		HideSolutionNode = FALSE
	EndGlobalSection
	GlobalSection(ExtensibilityGlobals) = postSolution
		SolutionGuid = {166F2080-71FE-492E-9F77-C6B48B1BAA12}
	EndGlobalSection
EndGlobal
